
Microsoft Visual Studio Solution File, Format Version 12.00
# Visual Studio Version 17
VisualStudioVersion = 17.7.34031.279
MinimumVisualStudioVersion = 10.0.40219.1
Project("{8BC9CEB8-8B4A-11D0-8D11-00A0C91BC942}") = "MovieBuff", "MovieBuff.vcxproj", "{94D64A11-5258-4FC9-B3A9-E8824BBF3537}"
EndProject
Global
	GlobalSection(SolutionConfigurationPlatforms) = preSolution
		Debug|x64 = Debug|x64
		Debug|x86 = Debug|x86
		Release|x64 = Release|x64
		Release|x86 = Release|x86
	EndGlobalSection
	GlobalSection(ProjectConfigurationPlatforms) = postSolution
		{94D64A11-5258-4FC9-B3A9-E8824BBF3537}.Debug|x64.ActiveCfg = Debug|x64
		{94D64A11-5258-4FC9-B3A9-E8824BBF3537}.Debug|x64.Build.0 = Debug|x64
		{94D64A11-5258-4FC9-B3A9-E8824BBF3537}.Debug|x86.ActiveCfg = Debug|Win32
		{94D64A11-5258-4FC9-B3A9-E8824BBF3537}.Debug|x86.Build.0 = Debug|Win32
		{94D64A11-5258-4FC9-B3A9-E8824BBF3537}.Release|x64.ActiveCfg = Release|x64
		{94D64A11-5258-4FC9-B3A9-E8824BBF3537}.Release|x64.Build.0 = Release|x64
		{94D64A11-5258-4FC9-B3A9-E8824BBF3537}.Release|x86.ActiveCfg = Release|Win32
		{94D64A11-5258-4FC9-B3A9-E8824BBF3537}.Release|x86.Build.0 = Release|Win32
	EndGlobalSection
	GlobalSection(SolutionProperties) = preSolution
		HideSolutionNode = FALSE
	EndGlobalSection
	GlobalSection(ExtensibilityGlobals) = postSolution
		SolutionGuid = {CF700162-65E9-4E2F-B26F-C0796DD61602}
	EndGlobalSection
EndGlobal
